
Microsoft Visual Studio Solution File, Format Version 12.00
# Visual Studio Version 17
VisualStudioVersion = 17.13.35825.156 d17.13
MinimumVisualStudioVersion = 10.0.40219.1
Project("{FAE04EC0-301F-11D3-BF4B-00C04F79EFBC}") = "CRUDForm", "CRUDForm.csproj", "{DD28179C-D907-4E2F-AE0F-4724C6CE30A9}"
EndProject
Global
	GlobalSection(SolutionConfigurationPlatforms) = preSolution
		Debug|Any CPU = Debug|Any CPU
		Release|Any CPU = Release|Any CPU
	EndGlobalSection
	GlobalSection(ProjectConfigurationPlatforms) = postSolution
		{DD28179C-D907-4E2F-AE0F-4724C6CE30A9}.Debug|Any CPU.ActiveCfg = Debug|Any CPU
		{DD28179C-D907-4E2F-AE0F-4724C6CE30A9}.Debug|Any CPU.Build.0 = Debug|Any CPU
		{DD28179C-D907-4E2F-AE0F-4724C6CE30A9}.Release|Any CPU.ActiveCfg = Release|Any CPU
		{DD28179C-D907-4E2F-AE0F-4724C6CE30A9}.Release|Any CPU.Build.0 = Release|Any CPU
	EndGlobalSection
	GlobalSection(SolutionProperties) = preSolution
		HideSolutionNode = FALSE
	EndGlobalSection
	GlobalSection(ExtensibilityGlobals) = postSolution
		SolutionGuid = {7C3CB2F4-931F-4C51-B391-E435C83E9825}
	EndGlobalSection
EndGlobal
